// !$*UTF8*$!
{
	archiveVersion = 1;
	classes = {
	};
	objectVersion = 46;
	objects = {

/* Begin PBXBuildFile section */
		A197BCE51E9BBDD70023FE47 /* AppDelegate.swift in Sources */ = {isa = PBXBuildFile; fileRef = A197BCE41E9BBDD70023FE47 /* AppDelegate.swift */; };
		A197BCE71E9BBDD70023FE47 /* GameScene.sks in Resources */ = {isa = PBXBuildFile; fileRef = A197BCE61E9BBDD70023FE47 /* GameScene.sks */; };
		A197BCE91E9BBDD70023FE47 /* Actions.sks in Resources */ = {isa = PBXBuildFile; fileRef = A197BCE81E9BBDD70023FE47 /* Actions.sks */; };
		A197BCEB1E9BBDD80023FE47 /* GameScene.swift in Sources */ = {isa = PBXBuildFile; fileRef = A197BCEA1E9BBDD80023FE47 /* GameScene.swift */; };
		A197BCED1E9BBDD80023FE47 /* GameViewController.swift in Sources */ = {isa = PBXBuildFile; fileRef = A197BCEC1E9BBDD80023FE47 /* GameViewController.swift */; };
		A197BCF01E9BBDD80023FE47 /* Main.storyboard in Resources */ = {isa = PBXBuildFile; fileRef = A197BCEE1E9BBDD80023FE47 /* Main.storyboard */; };
		A197BCF21E9BBDD80023FE47 /* Assets.xcassets in Resources */ = {isa = PBXBuildFile; fileRef = A197BCF11E9BBDD80023FE47 /* Assets.xcassets */; };
		A197BCF51E9BBDD80023FE47 /* LaunchScreen.storyboard in Resources */ = {isa = PBXBuildFile; fileRef = A197BCF31E9BBDD80023FE47 /* LaunchScreen.storyboard */; };
		A197BD001E9BBDD80023FE47 /* Flappy_BirdsTests.swift in Sources */ = {isa = PBXBuildFile; fileRef = A197BCFF1E9BBDD80023FE47 /* Flappy_BirdsTests.swift */; };
		A197BD0B1E9BBDD80023FE47 /* Flappy_BirdsUITests.swift in Sources */ = {isa = PBXBuildFile; fileRef = A197BD0A1E9BBDD80023FE47 /* Flappy_BirdsUITests.swift */; };
/* End PBXBuildFile section */

/* Begin PBXContainerItemProxy section */
		A197BCFC1E9BBDD80023FE47 /* PBXContainerItemProxy */ = {
			isa = PBXContainerItemProxy;
			containerPortal = A197BCD91E9BBDD70023FE47 /* Project object */;
			proxyType = 1;
			remoteGlobalIDString = A197BCE01E9BBDD70023FE47;
			remoteInfo = "Flappy Birds";
		};
		A197BD071E9BBDD80023FE47 /* PBXContainerItemProxy */ = {
			isa = PBXContainerItemProxy;
			containerPortal = A197BCD91E9BBDD70023FE47 /* Project object */;
			proxyType = 1;
			remoteGlobalIDString = A197BCE01E9BBDD70023FE47;
			remoteInfo = "Flappy Birds";
		};
/* End PBXContainerItemProxy section */

/* Begin PBXFileReference section */
		A197BCE11E9BBDD70023FE47 /* Flappy Birds.app */ = {isa = PBXFileReference; explicitFileType = wrapper.application; includeInIndex = 0; path = "Flappy Birds.app"; sourceTree = BUILT_PRODUCTS_DIR; };
		A197BCE41E9BBDD70023FE47 /* AppDelegate.swift */ = {isa = PBXFileReference; lastKnownFileType = sourcecode.swift; path = AppDelegate.swift; sourceTree = "<group>"; };
		A197BCE61E9BBDD70023FE47 /* GameScene.sks */ = {isa = PBXFileReference; lastKnownFileType = file.sks; path = GameScene.sks; sourceTree = "<group>"; };
		A197BCE81E9BBDD70023FE47 /* Actions.sks */ = {isa = PBXFileReference; lastKnownFileType = file.sks; path = Actions.sks; sourceTree = "<group>"; };
		A197BCEA1E9BBDD80023FE47 /* GameScene.swift */ = {isa = PBXFileReference; lastKnownFileType = sourcecode.swift; path = GameScene.swift; sourceTree = "<group>"; };
		A197BCEC1E9BBDD80023FE47 /* GameViewController.swift */ = {isa = PBXFileReference; lastKnownFileType = sourcecode.swift; path = GameViewController.swift; sourceTree = "<group>"; };
		A197BCEF1E9BBDD80023FE47 /* Base */ = {isa = PBXFileReference; lastKnownFileType = file.storyboard; name = Base; path = Base.lproj/Main.storyboard; sourceTree = "<group>"; };
		A197BCF11E9BBDD80023FE47 /* Assets.xcassets */ = {isa = PBXFileReference; lastKnownFileType = folder.assetcatalog; path = Assets.xcassets; sourceTree = "<group>"; };
		A197BCF41E9BBDD80023FE47 /* Base */ = {isa = PBXFileReference; lastKnownFileType = file.storyboard; name = Base; path = Base.lproj/LaunchScreen.storyboard; sourceTree = "<group>"; };
		A197BCF61E9BBDD80023FE47 /* Info.plist */ = {isa = PBXFileReference; lastKnownFileType = text.plist.xml; path = Info.plist; sourceTree = "<group>"; };
		A197BCFB1E9BBDD80023FE47 /* Flappy BirdsTests.xctest */ = {isa = PBXFileReference; explicitFileType = wrapper.cfbundle; includeInIndex = 0; path = "Flappy BirdsTests.xctest"; sourceTree = BUILT_PRODUCTS_DIR; };
		A197BCFF1E9BBDD80023FE47 /* Flappy_BirdsTests.swift */ = {isa = PBXFileReference; lastKnownFileType = sourcecode.swift; path = Flappy_BirdsTests.swift; sourceTree = "<group>"; };
		A197BD011E9BBDD80023FE47 /* Info.plist */ = {isa = PBXFileReference; lastKnownFileType = text.plist.xml; path = Info.plist; sourceTree = "<group>"; };
		A197BD061E9BBDD80023FE47 /* Flappy BirdsUITests.xctest */ = {isa = PBXFileReference; explicitFileType = wrapper.cfbundle; includeInIndex = 0; path = "Flappy BirdsUITests.xctest"; sourceTree = BUILT_PRODUCTS_DIR; };
		A197BD0A1E9BBDD80023FE47 /* Flappy_BirdsUITests.swift */ = {isa = PBXFileReference; lastKnownFileType = sourcecode.swift; path = Flappy_BirdsUITests.swift; sourceTree = "<group>"; };
		A197BD0C1E9BBDD80023FE47 /* Info.plist */ = {isa = PBXFileReference; lastKnownFileType = text.plist.xml; path = Info.plist; sourceTree = "<group>"; };
/* End PBXFileReference section */

/* Begin PBXFrameworksBuildPhase section */
		A197BCDE1E9BBDD70023FE47 /* Frameworks */ = {
			isa = PBXFrameworksBuildPhase;
			buildActionMask = 2147483647;
			files = (
			);
			runOnlyForDeploymentPostprocessing = 0;
		};
		A197BCF81E9BBDD80023FE47 /* Frameworks */ = {
			isa = PBXFrameworksBuildPhase;
			buildActionMask = 2147483647;
			files = (
			);
			runOnlyForDeploymentPostprocessing = 0;
		};
		A197BD031E9BBDD80023FE47 /* Frameworks */ = {
			isa = PBXFrameworksBuildPhase;
			buildActionMask = 2147483647;
			files = (
			);
			runOnlyForDeploymentPostprocessing = 0;
		};
/* End PBXFrameworksBuildPhase section */

/* Begin PBXGroup section */
		A197BCD81E9BBDD70023FE47 = {
			isa = PBXGroup;
			children = (
				A197BCE31E9BBDD70023FE47 /* Flappy Birds */,
				A197BCFE1E9BBDD80023FE47 /* Flappy BirdsTests */,
				A197BD091E9BBDD80023FE47 /* Flappy BirdsUITests */,
				A197BCE21E9BBDD70023FE47 /* Products */,
			);
			sourceTree = "<group>";
		};
		A197BCE21E9BBDD70023FE47 /* Products */ = {
			isa = PBXGroup;
			children = (
				A197BCE11E9BBDD70023FE47 /* Flappy Birds.app */,
				A197BCFB1E9BBDD80023FE47 /* Flappy BirdsTests.xctest */,
				A197BD061E9BBDD80023FE47 /* Flappy BirdsUITests.xctest */,
			);
			name = Products;
			sourceTree = "<group>";
		};
		A197BCE31E9BBDD70023FE47 /* Flappy Birds */ = {
			isa = PBXGroup;
			children = (
				A197BCE41E9BBDD70023FE47 /* AppDelegate.swift */,
				A197BCE61E9BBDD70023FE47 /* GameScene.sks */,
				A197BCE81E9BBDD70023FE47 /* Actions.sks */,
				A197BCEA1E9BBDD80023FE47 /* GameScene.swift */,
				A197BCEC1E9BBDD80023FE47 /* GameViewController.swift */,
				A197BCEE1E9BBDD80023FE47 /* Main.storyboard */,
				A197BCF11E9BBDD80023FE47 /* Assets.xcassets */,
				A197BCF31E9BBDD80023FE47 /* LaunchScreen.storyboard */,
				A197BCF61E9BBDD80023FE47 /* Info.plist */,
			);
			path = "Flappy Birds";
			sourceTree = "<group>";
		};
		A197BCFE1E9BBDD80023FE47 /* Flappy BirdsTests */ = {
			isa = PBXGroup;
			children = (
				A197BCFF1E9BBDD80023FE47 /* Flappy_BirdsTests.swift */,
				A197BD011E9BBDD80023FE47 /* Info.plist */,
			);
			path = "Flappy BirdsTests";
			sourceTree = "<group>";
		};
		A197BD091E9BBDD80023FE47 /* Flappy BirdsUITests */ = {
			isa = PBXGroup;
			children = (
				A197BD0A1E9BBDD80023FE47 /* Flappy_BirdsUITests.swift */,
				A197BD0C1E9BBDD80023FE47 /* Info.plist */,
			);
			path = "Flappy BirdsUITests";
			sourceTree = "<group>";
		};
/* End PBXGroup section */

/* Begin PBXNativeTarget section */
		A197BCE01E9BBDD70023FE47 /* Flappy Birds */ = {
			isa = PBXNativeTarget;
			buildConfigurationList = A197BD0F1E9BBDD80023FE47 /* Build configuration list for PBXNativeTarget "Flappy Birds" */;
			buildPhases = (
				A197BCDD1E9BBDD70023FE47 /* Sources */,
				A197BCDE1E9BBDD70023FE47 /* Frameworks */,
				A197BCDF1E9BBDD70023FE47 /* Resources */,
			);
			buildRules = (
			);
			dependencies = (
			);
			name = "Flappy Birds";
			productName = "Flappy Birds";
			productReference = A197BCE11E9BBDD70023FE47 /* Flappy Birds.app */;
			productType = "com.apple.product-type.application";
		};
		A197BCFA1E9BBDD80023FE47 /* Flappy BirdsTests */ = {
			isa = PBXNativeTarget;
			buildConfigurationList = A197BD121E9BBDD80023FE47 /* Build configuration list for PBXNativeTarget "Flappy BirdsTests" */;
			buildPhases = (
				A197BCF71E9BBDD80023FE47 /* Sources */,
				A197BCF81E9BBDD80023FE47 /* Frameworks */,
				A197BCF91E9BBDD80023FE47 /* Resources */,
			);
			buildRules = (
			);
			dependencies = (
				A197BCFD1E9BBDD80023FE47 /* PBXTargetDependency */,
			);
			name = "Flappy BirdsTests";
			productName = "Flappy BirdsTests";
			productReference = A197BCFB1E9BBDD80023FE47 /* Flappy BirdsTests.xctest */;
			productType = "com.apple.product-type.bundle.unit-test";
		};
		A197BD051E9BBDD80023FE47 /* Flappy BirdsUITests */ = {
			isa = PBXNativeTarget;
			buildConfigurationList = A197BD151E9BBDD80023FE47 /* Build configuration list for PBXNativeTarget "Flappy BirdsUITests" */;
			buildPhases = (
				A197BD021E9BBDD80023FE47 /* Sources */,
				A197BD031E9BBDD80023FE47 /* Frameworks */,
				A197BD041E9BBDD80023FE47 /* Resources */,
			);
			buildRules = (
			);
			dependencies = (
				A197BD081E9BBDD80023FE47 /* PBXTargetDependency */,
			);
			name = "Flappy BirdsUITests";
			productName = "Flappy BirdsUITests";
			productReference = A197BD061E9BBDD80023FE47 /* Flappy BirdsUITests.xctest */;
			productType = "com.apple.product-type.bundle.ui-testing";
		};
/* End PBXNativeTarget section */

/* Begin PBXProject section */
		A197BCD91E9BBDD70023FE47 /* Project object */ = {
			isa = PBXProject;
			attributes = {
				LastSwiftUpdateCheck = 0830;
				LastUpgradeCheck = 0830;
				ORGANIZATIONNAME = "Ryder Swan";
				TargetAttributes = {
					A197BCE01E9BBDD70023FE47 = {
						CreatedOnToolsVersion = 8.3.1;
						DevelopmentTeam = FHN5KSWV7E;
						ProvisioningStyle = Automatic;
					};
					A197BCFA1E9BBDD80023FE47 = {
						CreatedOnToolsVersion = 8.3.1;
						DevelopmentTeam = FHN5KSWV7E;
						ProvisioningStyle = Automatic;
						TestTargetID = A197BCE01E9BBDD70023FE47;
					};
					A197BD051E9BBDD80023FE47 = {
						CreatedOnToolsVersion = 8.3.1;
						DevelopmentTeam = FHN5KSWV7E;
						ProvisioningStyle = Automatic;
						TestTargetID = A197BCE01E9BBDD70023FE47;
					};
				};
			};
			buildConfigurationList = A197BCDC1E9BBDD70023FE47 /* Build configuration list for PBXProject "Flappy Birds" */;
			compatibilityVersion = "Xcode 3.2";
			developmentRegion = English;
			hasScannedForEncodings = 0;
			knownRegions = (
				en,
				Base,
			);
			mainGroup = A197BCD81E9BBDD70023FE47;
			productRefGroup = A197BCE21E9BBDD70023FE47 /* Products */;
			projectDirPath = "";
			projectRoot = "";
			targets = (
				A197BCE01E9BBDD70023FE47 /* Flappy Birds */,
				A197BCFA1E9BBDD80023FE47 /* Flappy BirdsTests */,
				A197BD051E9BBDD80023FE47 /* Flappy BirdsUITests */,
			);
		};
/* End PBXProject section */

/* Begin PBXResourcesBuildPhase section */
		A197BCDF1E9BBDD70023FE47 /* Resources */ = {
			isa = PBXResourcesBuildPhase;
			buildActionMask = 2147483647;
			files = (
				A197BCF01E9BBDD80023FE47 /* Main.storyboard in Resources */,
				A197BCE71E9BBDD70023FE47 /* GameScene.sks in Resources */,
				A197BCF21E9BBDD80023FE47 /* Assets.xcassets in Resources */,
				A197BCF51E9BBDD80023FE47 /* LaunchScreen.storyboard in Resources */,
				A197BCE91E9BBDD70023FE47 /* Actions.sks in Resources */,
			);
			runOnlyForDeploymentPostprocessing = 0;
		};
		A197BCF91E9BBDD80023FE47 /* Resources */ = {
			isa = PBXResourcesBuildPhase;
			buildActionMask = 2147483647;
			files = (
			);
			runOnlyForDeploymentPostprocessing = 0;
		};
		A197BD041E9BBDD80023FE47 /* Resources */ = {
			isa = PBXResourcesBuildPhase;
			buildActionMask = 2147483647;
			files = (
			);
			runOnlyForDeploymentPostprocessing = 0;
		};
/* End PBXResourcesBuildPhase section */

/* Begin PBXSourcesBuildPhase section */
		A197BCDD1E9BBDD70023FE47 /* Sources */ = {
			isa = PBXSourcesBuildPhase;
			buildActionMask = 2147483647;
			files = (
				A197BCEB1E9BBDD80023FE47 /* GameScene.swift in Sources */,
				A197BCED1E9BBDD80023FE47 /* GameViewController.swift in Sources */,
				A197BCE51E9BBDD70023FE47 /* AppDelegate.swift in Sources */,
			);
			runOnlyForDeploymentPostprocessing = 0;
		};
		A197BCF71E9BBDD80023FE47 /* Sources */ = {
			isa = PBXSourcesBuildPhase;
			buildActionMask = 2147483647;
			files = (
				A197BD001E9BBDD80023FE47 /* Flappy_BirdsTests.swift in Sources */,
			);
			runOnlyForDeploymentPostprocessing = 0;
		};
		A197BD021E9BBDD80023FE47 /* Sources */ = {
			isa = PBXSourcesBuildPhase;
			buildActionMask = 2147483647;
			files = (
				A197BD0B1E9BBDD80023FE47 /* Flappy_BirdsUITests.swift in Sources */,
			);
			runOnlyForDeploymentPostprocessing = 0;
		};
/* End PBXSourcesBuildPhase section */

/* Begin PBXTargetDependency section */
		A197BCFD1E9BBDD80023FE47 /* PBXTargetDependency */ = {
			isa = PBXTargetDependency;
			target = A197BCE01E9BBDD70023FE47 /* Flappy Birds */;
			targetProxy = A197BCFC1E9BBDD80023FE47 /* PBXContainerItemProxy */;
		};
		A197BD081E9BBDD80023FE47 /* PBXTargetDependency */ = {
			isa = PBXTargetDependency;
			target = A197BCE01E9BBDD70023FE47 /* Flappy Birds */;
			targetProxy = A197BD071E9BBDD80023FE47 /* PBXContainerItemProxy */;
		};
/* End PBXTargetDependency section */

/* Begin PBXVariantGroup section */
		A197BCEE1E9BBDD80023FE47 /* Main.storyboard */ = {
			isa = PBXVariantGroup;
			children = (
				A197BCEF1E9BBDD80023FE47 /* Base */,
			);
			name = Main.storyboard;
			sourceTree = "<group>";
		};
		A197BCF31E9BBDD80023FE47 /* LaunchScreen.storyboard */ = {
			isa = PBXVariantGroup;
			children = (
				A197BCF41E9BBDD80023FE47 /* Base */,
			);
			name = LaunchScreen.storyboard;
			sourceTree = "<group>";
		};
/* End PBXVariantGroup section */

/* Begin XCBuildConfiguration section */
		A197BD0D1E9BBDD80023FE47 /* Debug */ = {
			isa = XCBuildConfiguration;
			buildSettings = {
				ALWAYS_SEARCH_USER_PATHS = NO;
				CLANG_ANALYZER_NONNULL = YES;
				CLANG_ANALYZER_NUMBER_OBJECT_CONVERSION = YES_AGGRESSIVE;
				CLANG_CXX_LANGUAGE_STANDARD = "gnu++0x";
				CLANG_CXX_LIBRARY = "libc++";
				CLANG_ENABLE_MODULES = YES;
				CLANG_ENABLE_OBJC_ARC = YES;
				CLANG_WARN_BOOL_CONVERSION = YES;
				CLANG_WARN_CONSTANT_CONVERSION = YES;
				CLANG_WARN_DIRECT_OBJC_ISA_USAGE = YES_ERROR;
				CLANG_WARN_DOCUMENTATION_COMMENTS = YES;
				CLANG_WARN_EMPTY_BODY = YES;
				CLANG_WARN_ENUM_CONVERSION = YES;
				CLANG_WARN_INFINITE_RECURSION = YES;
				CLANG_WARN_INT_CONVERSION = YES;
				CLANG_WARN_OBJC_ROOT_CLASS = YES_ERROR;
				CLANG_WARN_SUSPICIOUS_MOVE = YES;
				CLANG_WARN_UNREACHABLE_CODE = YES;
				CLANG_WARN__DUPLICATE_METHOD_MATCH = YES;
				"CODE_SIGN_IDENTITY[sdk=iphoneos*]" = "iPhone Developer";
				COPY_PHASE_STRIP = NO;
				DEBUG_INFORMATION_FORMAT = dwarf;
				ENABLE_STRICT_OBJC_MSGSEND = YES;
				ENABLE_TESTABILITY = YES;
				GCC_C_LANGUAGE_STANDARD = gnu99;
				GCC_DYNAMIC_NO_PIC = NO;
				GCC_NO_COMMON_BLOCKS = YES;
				GCC_OPTIMIZATION_LEVEL = 0;
				GCC_PREPROCESSOR_DEFINITIONS = (
					"DEBUG=1",
					"$(inherited)",
				);
				GCC_WARN_64_TO_32_BIT_CONVERSION = YES;
				GCC_WARN_ABOUT_RETURN_TYPE = YES_ERROR;
				GCC_WARN_UNDECLARED_SELECTOR = YES;
				GCC_WARN_UNINITIALIZED_AUTOS = YES_AGGRESSIVE;
				GCC_WARN_UNUSED_FUNCTION = YES;
				GCC_WARN_UNUSED_VARIABLE = YES;
				IPHONEOS_DEPLOYMENT_TARGET = 10.3;
				MTL_ENABLE_DEBUG_INFO = YES;
				ONLY_ACTIVE_ARCH = YES;
				SDKROOT = iphoneos;
				SWIFT_ACTIVE_COMPILATION_CONDITIONS = DEBUG;
				SWIFT_OPTIMIZATION_LEVEL = "-Onone";
			};
			name = Debug;
		};
		A197BD0E1E9BBDD80023FE47 /* Release */ = {
			isa = XCBuildConfiguration;
			buildSettings = {
				ALWAYS_SEARCH_USER_PATHS = NO;
				CLANG_ANALYZER_NONNULL = YES;
				CLANG_ANALYZER_NUMBER_OBJECT_CONVERSION = YES_AGGRESSIVE;
				CLANG_CXX_LANGUAGE_STANDARD = "gnu++0x";
				CLANG_CXX_LIBRARY = "libc++";
				CLANG_ENABLE_MODULES = YES;
				CLANG_ENABLE_OBJC_ARC = YES;
				CLANG_WARN_BOOL_CONVERSION = YES;
				CLANG_WARN_CONSTANT_CONVERSION = YES;
				CLANG_WARN_DIRECT_OBJC_ISA_USAGE = YES_ERROR;
				CLANG_WARN_DOCUMENTATION_COMMENTS = YES;
				CLANG_WARN_EMPTY_BODY = YES;
				CLANG_WARN_ENUM_CONVERSION = YES;
				CLANG_WARN_INFINITE_RECURSION = YES;
				CLANG_WARN_INT_CONVERSION = YES;
				CLANG_WARN_OBJC_ROOT_CLASS = YES_ERROR;
				CLANG_WARN_SUSPICIOUS_MOVE = YES;
				CLANG_WARN_UNREACHABLE_CODE = YES;
				CLANG_WARN__DUPLICATE_METHOD_MATCH = YES;
				"CODE_SIGN_IDENTITY[sdk=iphoneos*]" = "iPhone Developer";
				COPY_PHASE_STRIP = NO;
				DEBUG_INFORMATION_FORMAT = "dwarf-with-dsym";
				ENABLE_NS_ASSERTIONS = NO;
				ENABLE_STRICT_OBJC_MSGSEND = YES;
				GCC_C_LANGUAGE_STANDARD = gnu99;
				GCC_NO_COMMON_BLOCKS = YES;
				GCC_WARN_64_TO_32_BIT_CONVERSION = YES;
				GCC_WARN_ABOUT_RETURN_TYPE = YES_ERROR;
				GCC_WARN_UNDECLARED_SELECTOR = YES;
				GCC_WARN_UNINITIALIZED_AUTOS = YES_AGGRESSIVE;
				GCC_WARN_UNUSED_FUNCTION = YES;
				GCC_WARN_UNUSED_VARIABLE = YES;
				IPHONEOS_DEPLOYMENT_TARGET = 10.3;
				MTL_ENABLE_DEBUG_INFO = NO;
				SDKROOT = iphoneos;
				SWIFT_OPTIMIZATION_LEVEL = "-Owholemodule";
				VALIDATE_PRODUCT = YES;
			};
			name = Release;
		};
		A197BD101E9BBDD80023FE47 /* Debug */ = {
			isa = XCBuildConfiguration;
			buildSettings = {
				ASSETCATALOG_COMPILER_APPICON_NAME = AppIcon;
				DEVELOPMENT_TEAM = FHN5KSWV7E;
				INFOPLIST_FILE = "Flappy Birds/Info.plist";
				LD_RUNPATH_SEARCH_PATHS = "$(inherited) @executable_path/Frameworks";
				PRODUCT_BUNDLE_IDENTIFIER = "RS.Flappy-Birds";
				PRODUCT_NAME = "$(TARGET_NAME)";
				SWIFT_VERSION = 3.0;
			};
			name = Debug;
		};
		A197BD111E9BBDD80023FE47 /* Release */ = {
			isa = XCBuildConfiguration;
			buildSettings = {
				ASSETCATALOG_COMPILER_APPICON_NAME = AppIcon;
				DEVELOPMENT_TEAM = FHN5KSWV7E;
				INFOPLIST_FILE = "Flappy Birds/Info.plist";
				LD_RUNPATH_SEARCH_PATHS = "$(inherited) @executable_path/Frameworks";
				PRODUCT_BUNDLE_IDENTIFIER = "RS.Flappy-Birds";
				PRODUCT_NAME = "$(TARGET_NAME)";
				SWIFT_VERSION = 3.0;
			};
			name = Release;
		};
		A197BD131E9BBDD80023FE47 /* Debug */ = {
			isa = XCBuildConfiguration;
			buildSettings = {
				ALWAYS_EMBED_SWIFT_STANDARD_LIBRARIES = YES;
				BUNDLE_LOADER = "$(TEST_HOST)";
				DEVELOPMENT_TEAM = FHN5KSWV7E;
				INFOPLIST_FILE = "Flappy BirdsTests/Info.plist";
				LD_RUNPATH_SEARCH_PATHS = "$(inherited) @executable_path/Frameworks @loader_path/Frameworks";
				PRODUCT_BUNDLE_IDENTIFIER = "RS.Flappy-BirdsTests";
				PRODUCT_NAME = "$(TARGET_NAME)";
				SWIFT_VERSION = 3.0;
				TEST_HOST = "$(BUILT_PRODUCTS_DIR)/Flappy Birds.app/Flappy Birds";
			};
			name = Debug;
		};
		A197BD141E9BBDD80023FE47 /* Release */ = {
			isa = XCBuildConfiguration;
			buildSettings = {
				ALWAYS_EMBED_SWIFT_STANDARD_LIBRARIES = YES;
				BUNDLE_LOADER = "$(TEST_HOST)";
				DEVELOPMENT_TEAM = FHN5KSWV7E;
				INFOPLIST_FILE = "Flappy BirdsTests/Info.plist";
				LD_RUNPATH_SEARCH_PATHS = "$(inherited) @executable_path/Frameworks @loader_path/Frameworks";
				PRODUCT_BUNDLE_IDENTIFIER = "RS.Flappy-BirdsTests";
				PRODUCT_NAME = "$(TARGET_NAME)";
				SWIFT_VERSION = 3.0;
				TEST_HOST = "$(BUILT_PRODUCTS_DIR)/Flappy Birds.app/Flappy Birds";
			};
			name = Release;
		};
		A197BD161E9BBDD80023FE47 /* Debug */ = {
			isa = XCBuildConfiguration;
			buildSettings = {
				ALWAYS_EMBED_SWIFT_STANDARD_LIBRARIES = YES;
				DEVELOPMENT_TEAM = FHN5KSWV7E;
				INFOPLIST_FILE = "Flappy BirdsUITests/Info.plist";
				LD_RUNPATH_SEARCH_PATHS = "$(inherited) @executable_path/Frameworks @loader_path/Frameworks";
				PRODUCT_BUNDLE_IDENTIFIER = "RS.Flappy-BirdsUITests";
				PRODUCT_NAME = "$(TARGET_NAME)";
				SWIFT_VERSION = 3.0;
				TEST_TARGET_NAME = "Flappy Birds";
			};
			name = Debug;
		};
		A197BD171E9BBDD80023FE47 /* Release */ = {
			isa = XCBuildConfiguration;
			buildSettings = {
				ALWAYS_EMBED_SWIFT_STANDARD_LIBRARIES = YES;
				DEVELOPMENT_TEAM = FHN5KSWV7E;
				INFOPLIST_FILE = "Flappy BirdsUITests/Info.plist";
				LD_RUNPATH_SEARCH_PATHS = "$(inherited) @executable_path/Frameworks @loader_path/Frameworks";
				PRODUCT_BUNDLE_IDENTIFIER = "RS.Flappy-BirdsUITests";
				PRODUCT_NAME = "$(TARGET_NAME)";
				SWIFT_VERSION = 3.0;
				TEST_TARGET_NAME = "Flappy Birds";
			};
			name = Release;
		};
/* End XCBuildConfiguration section */

/* Begin XCConfigurationList section */
		A197BCDC1E9BBDD70023FE47 /* Build configuration list for PBXProject "Flappy Birds" */ = {
			isa = XCConfigurationList;
			buildConfigurations = (
				A197BD0D1E9BBDD80023FE47 /* Debug */,
				A197BD0E1E9BBDD80023FE47 /* Release */,
			);
			defaultConfigurationIsVisible = 0;
			defaultConfigurationName = Release;
		};
		A197BD0F1E9BBDD80023FE47 /* Build configuration list for PBXNativeTarget "Flappy Birds" */ = {
			isa = XCConfigurationList;
			buildConfigurations = (
				A197BD101E9BBDD80023FE47 /* Debug */,
				A197BD111E9BBDD80023FE47 /* Release */,
			);
			defaultConfigurationIsVisible = 0;
		};
		A197BD121E9BBDD80023FE47 /* Build configuration list for PBXNativeTarget "Flappy BirdsTests" */ = {
			isa = XCConfigurationList;
			buildConfigurations = (
				A197BD131E9BBDD80023FE47 /* Debug */,
				A197BD141E9BBDD80023FE47 /* Release */,
			);
			defaultConfigurationIsVisible = 0;
		};
		A197BD151E9BBDD80023FE47 /* Build configuration list for PBXNativeTarget "Flappy BirdsUITests" */ = {
			isa = XCConfigurationList;
			buildConfigurations = (
				A197BD161E9BBDD80023FE47 /* Debug */,
				A197BD171E9BBDD80023FE47 /* Release */,
			);
			defaultConfigurationIsVisible = 0;
		};
/* End XCConfigurationList section */
	};
	rootObject = A197BCD91E9BBDD70023FE47 /* Project object */;
}
